<?xml version="1.0" encoding="utf-8"?>
<Project ToolsVersion="4.0" xmlns="http://schemas.microsoft.com/developer/msbuild/2003">
  <ItemGroup>
    <Filter Include="源文件">
      <UniqueIdentifier>{4FC737F1-C7A5-4376-A066-2A32D752A2FF}</UniqueIdentifier>
      <Extensions>cpp;c;cc;cxx;c++;cppm;ixx;def;odl;idl;hpj;bat;asm;asmx</Extensions>
    </Filter>
    <Filter Include="头文件">
      <UniqueIdentifier>{93995380-89BD-4b04-88EB-625FBE52EBFB}</UniqueIdentifier>
      <Extensions>h;hh;hpp;hxx;h++;hm;inl;inc;ipp;xsd</Extensions>
    </Filter>
    <Filter Include="资源文件">
      <UniqueIdentifier>{67DA6AB6-F800-4c08-8B7A-83BB121AAD01}</UniqueIdentifier>
      <Extensions>rc;ico;cur;bmp;dlg;rc2;rct;bin;rgs;gif;jpg;jpeg;jpe;resx;tiff;tif;png;wav;mfcribbon-ms</Extensions>
    </Filter>
    <Filter Include="sql">
      <UniqueIdentifier>{b67dbec5-bcfd-4ea6-9a50-20f3f1eeb710}</UniqueIdentifier>
    </Filter>
    <Filter Include="mediator">
      <UniqueIdentifier>{8a62de00-1433-4fce-8899-656545962e4f}</UniqueIdentifier>
    </Filter>
    <Filter Include="net">
      <UniqueIdentifier>{30dd5d59-1396-4c2b-ab41-e795bb3de760}</UniqueIdentifier>
    </Filter>
  </ItemGroup>
  <ItemGroup>
    <ClCompile Include="IMServer.cpp">
      <Filter>源文件</Filter>
    </ClCompile>
    <ClCompile Include="MySQL\CMySql.cpp">
      <Filter>sql</Filter>
    </ClCompile>
    <ClCompile Include="mediator\UdpMediator.cpp">
      <Filter>mediator</Filter>
    </ClCompile>
    <ClCompile Include="net\UdpNet.cpp">
      <Filter>net</Filter>
    </ClCompile>
    <ClCompile Include="net\TcpClientNet.cpp">
      <Filter>net</Filter>
    </ClCompile>
    <ClCompile Include="net\TcpServerNet.cpp">
      <Filter>net</Filter>
    </ClCompile>
    <ClCompile Include="mediator\TcpClientMediator.cpp">
      <Filter>mediator</Filter>
    </ClCompile>
    <ClCompile Include="mediator\TcpServerMediator.cpp">
      <Filter>mediator</Filter>
    </ClCompile>
    <ClCompile Include="CKernel.cpp">
      <Filter>源文件</Filter>
    </ClCompile>
  </ItemGroup>
  <ItemGroup>
    <ClInclude Include="MySQL\CMySql.h">
      <Filter>sql</Filter>
    </ClInclude>
    <ClInclude Include="mediator\INetMediator.h">
      <Filter>mediator</Filter>
    </ClInclude>
    <ClInclude Include="mediator\UdpMediator.h">
      <Filter>mediator</Filter>
    </ClInclude>
    <ClInclude Include="net\INet.h">
      <Filter>net</Filter>
    </ClInclude>
    <ClInclude Include="net\UdpNet.h">
      <Filter>net</Filter>
    </ClInclude>
    <ClInclude Include="net\TcpClientNet.h">
      <Filter>net</Filter>
    </ClInclude>
    <ClInclude Include="net\TcpServerNet.h">
      <Filter>net</Filter>
    </ClInclude>
    <ClInclude Include="mediator\TcpClientMediator.h">
      <Filter>mediator</Filter>
    </ClInclude>
    <ClInclude Include="mediator\TcpServerMediator.h">
      <Filter>mediator</Filter>
    </ClInclude>
    <ClInclude Include="net\packDef.h">
      <Filter>net</Filter>
    </ClInclude>
    <ClInclude Include="CKernel.h">
      <Filter>头文件</Filter>
    </ClInclude>
  </ItemGroup>
</Project>